
Microsoft Visual Studio Solution File, Format Version 12.00
# Visual Studio Version 17
VisualStudioVersion = 17.0.32112.339
MinimumVisualStudioVersion = 10.0.40219.1
Project("{FAE04EC0-301F-11D3-BF4B-00C04F79EFBC}") = "LatihanConstructor", "LatihanConstructor\LatihanConstructor.csproj", "{F132DE51-F300-4421-B033-D34F0C7206ED}"
EndProject
Global
	GlobalSection(SolutionConfigurationPlatforms) = preSolution
		Debug|Any CPU = Debug|Any CPU
		Release|Any CPU = Release|Any CPU
	EndGlobalSection
	GlobalSection(ProjectConfigurationPlatforms) = postSolution
		{F132DE51-F300-4421-B033-D34F0C7206ED}.Debug|Any CPU.ActiveCfg = Debug|Any CPU
		{F132DE51-F300-4421-B033-D34F0C7206ED}.Debug|Any CPU.Build.0 = Debug|Any CPU
		{F132DE51-F300-4421-B033-D34F0C7206ED}.Release|Any CPU.ActiveCfg = Release|Any CPU
		{F132DE51-F300-4421-B033-D34F0C7206ED}.Release|Any CPU.Build.0 = Release|Any CPU
	EndGlobalSection
	GlobalSection(SolutionProperties) = preSolution
		HideSolutionNode = FALSE
	EndGlobalSection
	GlobalSection(ExtensibilityGlobals) = postSolution
		SolutionGuid = {4668934C-445A-47D3-9E5C-908244ABBACF}
	EndGlobalSection
EndGlobal
